<?xml version="1.0" encoding="utf-8"?>
<Project ToolsVersion="4.0" xmlns="http://schemas.microsoft.com/developer/msbuild/2003">
  <ItemGroup>
    <Filter Include="Header Files">
      <UniqueIdentifier>{a8a492a4-4f49-4047-965a-9ead8d26ce8d}</UniqueIdentifier>
    </Filter>
    <Filter Include="Source Files">
      <UniqueIdentifier>{af747131-4e36-4048-b0f0-077a414b8d16}</UniqueIdentifier>
    </Filter>
  </ItemGroup>
  <ItemGroup>
    <ClInclude Include="LumascopeHub.h">
      <Filter>Header Files</Filter>
    </ClInclude>
    <ClInclude Include="LumascopeProtocol.h">
      <Filter>Header Files</Filter>
    </ClInclude>
    <ClInclude Include="LumascopeXYStage.h">
      <Filter>Header Files</Filter>
    </ClInclude>
    <ClInclude Include="LumascopeZStage.h">
      <Filter>Header Files</Filter>
    </ClInclude>
    <ClInclude Include="LumascopePortDetection.h">
      <Filter>Header Files</Filter>
    </ClInclude>
    <ClInclude Include="LumascopePositionStore.h">
      <Filter>Header Files</Filter>
    </ClInclude>
  </ItemGroup>
  <ItemGroup>
    <ClCompile Include="LumascopeHub.cpp">
      <Filter>Source Files</Filter>
    </ClCompile>
    <ClCompile Include="LumascopeModule.cpp">
      <Filter>Source Files</Filter>
    </ClCompile>
    <ClCompile Include="LumascopeXYStage.cpp">
      <Filter>Source Files</Filter>
    </ClCompile>
    <ClCompile Include="LumascopeZStage.cpp">
      <Filter>Source Files</Filter>
    </ClCompile>
    <ClCompile Include="LumascopePortDetection.cpp">
      <Filter>Source Files</Filter>
    </ClCompile>
    <ClCompile Include="LumascopePositionStore.cpp">
      <Filter>Source Files</Filter>
    </ClCompile>
  </ItemGroup>
</Project>